
Microsoft Visual Studio Solution File, Format Version 12.00
# Visual Studio 14
VisualStudioVersion = 14.0.25123.0
MinimumVisualStudioVersion = 10.0.40219.1
Project("{FAE04EC0-301F-11D3-BF4B-00C04F79EFBC}") = "ParciaisCartola.Droid", "ParciaisCartola\ParciaisCartola.Droid\ParciaisCartola.Droid.csproj", "{EAE08B8C-4267-4636-84F2-CBEDEB1B8F1E}"
EndProject
Project("{FAE04EC0-301F-11D3-BF4B-00C04F79EFBC}") = "ParciaisCartola.iOS", "ParciaisCartola\ParciaisCartola.iOS\ParciaisCartola.iOS.csproj", "{9FCE38E1-A184-41B4-BE05-0E560BE828A1}"
EndProject
Project("{FAE04EC0-301F-11D3-BF4B-00C04F79EFBC}") = "ParciaisCartola", "ParciaisCartola\ParciaisCartola\ParciaisCartola.csproj", "{336841AA-5563-4B1F-A5DF-1CC63674E027}"
EndProject
Global
	GlobalSection(SolutionConfigurationPlatforms) = preSolution
		Ad-Hoc|Any CPU = Ad-Hoc|Any CPU
		Ad-Hoc|ARM = Ad-Hoc|ARM
		Ad-Hoc|iPhone = Ad-Hoc|iPhone
		Ad-Hoc|iPhoneSimulator = Ad-Hoc|iPhoneSimulator
		Ad-Hoc|x64 = Ad-Hoc|x64
		Ad-Hoc|x86 = Ad-Hoc|x86
		AppStore|Any CPU = AppStore|Any CPU
		AppStore|ARM = AppStore|ARM
		AppStore|iPhone = AppStore|iPhone
		AppStore|iPhoneSimulator = AppStore|iPhoneSimulator
		AppStore|x64 = AppStore|x64
		AppStore|x86 = AppStore|x86
		Debug|Any CPU = Debug|Any CPU
		Debug|ARM = Debug|ARM
		Debug|iPhone = Debug|iPhone
		Debug|iPhoneSimulator = Debug|iPhoneSimulator
		Debug|x64 = Debug|x64
		Debug|x86 = Debug|x86
		Release|Any CPU = Release|Any CPU
		Release|ARM = Release|ARM
		Release|iPhone = Release|iPhone
		Release|iPhoneSimulator = Release|iPhoneSimulator
		Release|x64 = Release|x64
		Release|x86 = Release|x86
	EndGlobalSection
	GlobalSection(ProjectConfigurationPlatforms) = postSolution
		{EAE08B8C-4267-4636-84F2-CBEDEB1B8F1E}.Ad-Hoc|Any CPU.ActiveCfg = Release|Any CPU
		{EAE08B8C-4267-4636-84F2-CBEDEB1B8F1E}.Ad-Hoc|Any CPU.Build.0 = Release|Any CPU
		{EAE08B8C-4267-4636-84F2-CBEDEB1B8F1E}.Ad-Hoc|Any CPU.Deploy.0 = Release|Any CPU
		{EAE08B8C-4267-4636-84F2-CBEDEB1B8F1E}.Ad-Hoc|ARM.ActiveCfg = Release|Any CPU
		{EAE08B8C-4267-4636-84F2-CBEDEB1B8F1E}.Ad-Hoc|ARM.Build.0 = Release|Any CPU
		{EAE08B8C-4267-4636-84F2-CBEDEB1B8F1E}.Ad-Hoc|ARM.Deploy.0 = Release|Any CPU
		{EAE08B8C-4267-4636-84F2-CBEDEB1B8F1E}.Ad-Hoc|iPhone.ActiveCfg = Release|Any CPU
		{EAE08B8C-4267-4636-84F2-CBEDEB1B8F1E}.Ad-Hoc|iPhone.Build.0 = Release|Any CPU
		{EAE08B8C-4267-4636-84F2-CBEDEB1B8F1E}.Ad-Hoc|iPhone.Deploy.0 = Release|Any CPU
		{EAE08B8C-4267-4636-84F2-CBEDEB1B8F1E}.Ad-Hoc|iPhoneSimulator.ActiveCfg = Release|Any CPU
		{EAE08B8C-4267-4636-84F2-CBEDEB1B8F1E}.Ad-Hoc|iPhoneSimulator.Build.0 = Release|Any CPU
		{EAE08B8C-4267-4636-84F2-CBEDEB1B8F1E}.Ad-Hoc|iPhoneSimulator.Deploy.0 = Release|Any CPU
		{EAE08B8C-4267-4636-84F2-CBEDEB1B8F1E}.Ad-Hoc|x64.ActiveCfg = Release|Any CPU
		{EAE08B8C-4267-4636-84F2-CBEDEB1B8F1E}.Ad-Hoc|x64.Build.0 = Release|Any CPU
		{EAE08B8C-4267-4636-84F2-CBEDEB1B8F1E}.Ad-Hoc|x64.Deploy.0 = Release|Any CPU
		{EAE08B8C-4267-4636-84F2-CBEDEB1B8F1E}.Ad-Hoc|x86.ActiveCfg = Release|Any CPU
		{EAE08B8C-4267-4636-84F2-CBEDEB1B8F1E}.Ad-Hoc|x86.Build.0 = Release|Any CPU
		{EAE08B8C-4267-4636-84F2-CBEDEB1B8F1E}.Ad-Hoc|x86.Deploy.0 = Release|Any CPU
		{EAE08B8C-4267-4636-84F2-CBEDEB1B8F1E}.AppStore|Any CPU.ActiveCfg = Release|Any CPU
		{EAE08B8C-4267-4636-84F2-CBEDEB1B8F1E}.AppStore|Any CPU.Build.0 = Release|Any CPU
		{EAE08B8C-4267-4636-84F2-CBEDEB1B8F1E}.AppStore|Any CPU.Deploy.0 = Release|Any CPU
		{EAE08B8C-4267-4636-84F2-CBEDEB1B8F1E}.AppStore|ARM.ActiveCfg = Release|Any CPU
		{EAE08B8C-4267-4636-84F2-CBEDEB1B8F1E}.AppStore|ARM.Build.0 = Release|Any CPU
		{EAE08B8C-4267-4636-84F2-CBEDEB1B8F1E}.AppStore|ARM.Deploy.0 = Release|Any CPU
		{EAE08B8C-4267-4636-84F2-CBEDEB1B8F1E}.AppStore|iPhone.ActiveCfg = Release|Any CPU
		{EAE08B8C-4267-4636-84F2-CBEDEB1B8F1E}.AppStore|iPhone.Build.0 = Release|Any CPU
		{EAE08B8C-4267-4636-84F2-CBEDEB1B8F1E}.AppStore|iPhone.Deploy.0 = Release|Any CPU
		{EAE08B8C-4267-4636-84F2-CBEDEB1B8F1E}.AppStore|iPhoneSimulator.ActiveCfg = Release|Any CPU
		{EAE08B8C-4267-4636-84F2-CBEDEB1B8F1E}.AppStore|iPhoneSimulator.Build.0 = Release|Any CPU
		{EAE08B8C-4267-4636-84F2-CBEDEB1B8F1E}.AppStore|iPhoneSimulator.Deploy.0 = Release|Any CPU
		{EAE08B8C-4267-4636-84F2-CBEDEB1B8F1E}.AppStore|x64.ActiveCfg = Release|Any CPU
		{EAE08B8C-4267-4636-84F2-CBEDEB1B8F1E}.AppStore|x64.Build.0 = Release|Any CPU
		{EAE08B8C-4267-4636-84F2-CBEDEB1B8F1E}.AppStore|x64.Deploy.0 = Release|Any CPU
		{EAE08B8C-4267-4636-84F2-CBEDEB1B8F1E}.AppStore|x86.ActiveCfg = Release|Any CPU
		{EAE08B8C-4267-4636-84F2-CBEDEB1B8F1E}.AppStore|x86.Build.0 = Release|Any CPU
		{EAE08B8C-4267-4636-84F2-CBEDEB1B8F1E}.AppStore|x86.Deploy.0 = Release|Any CPU
		{EAE08B8C-4267-4636-84F2-CBEDEB1B8F1E}.Debug|Any CPU.ActiveCfg = Debug|Any CPU
		{EAE08B8C-4267-4636-84F2-CBEDEB1B8F1E}.Debug|Any CPU.Build.0 = Debug|Any CPU
		{EAE08B8C-4267-4636-84F2-CBEDEB1B8F1E}.Debug|Any CPU.Deploy.0 = Debug|Any CPU
		{EAE08B8C-4267-4636-84F2-CBEDEB1B8F1E}.Debug|ARM.ActiveCfg = Debug|Any CPU
		{EAE08B8C-4267-4636-84F2-CBEDEB1B8F1E}.Debug|ARM.Build.0 = Debug|Any CPU
		{EAE08B8C-4267-4636-84F2-CBEDEB1B8F1E}.Debug|ARM.Deploy.0 = Debug|Any CPU
		{EAE08B8C-4267-4636-84F2-CBEDEB1B8F1E}.Debug|iPhone.ActiveCfg = Debug|Any CPU
		{EAE08B8C-4267-4636-84F2-CBEDEB1B8F1E}.Debug|iPhone.Build.0 = Debug|Any CPU
		{EAE08B8C-4267-4636-84F2-CBEDEB1B8F1E}.Debug|iPhone.Deploy.0 = Debug|Any CPU
		{EAE08B8C-4267-4636-84F2-CBEDEB1B8F1E}.Debug|iPhoneSimulator.ActiveCfg = Debug|Any CPU
		{EAE08B8C-4267-4636-84F2-CBEDEB1B8F1E}.Debug|iPhoneSimulator.Build.0 = Debug|Any CPU
		{EAE08B8C-4267-4636-84F2-CBEDEB1B8F1E}.Debug|iPhoneSimulator.Deploy.0 = Debug|Any CPU
		{EAE08B8C-4267-4636-84F2-CBEDEB1B8F1E}.Debug|x64.ActiveCfg = Debug|Any CPU
		{EAE08B8C-4267-4636-84F2-CBEDEB1B8F1E}.Debug|x64.Build.0 = Debug|Any CPU
		{EAE08B8C-4267-4636-84F2-CBEDEB1B8F1E}.Debug|x64.Deploy.0 = Debug|Any CPU
		{EAE08B8C-4267-4636-84F2-CBEDEB1B8F1E}.Debug|x86.ActiveCfg = Debug|Any CPU
		{EAE08B8C-4267-4636-84F2-CBEDEB1B8F1E}.Debug|x86.Build.0 = Debug|Any CPU
		{EAE08B8C-4267-4636-84F2-CBEDEB1B8F1E}.Debug|x86.Deploy.0 = Debug|Any CPU
		{EAE08B8C-4267-4636-84F2-CBEDEB1B8F1E}.Release|Any CPU.ActiveCfg = Release|Any CPU
		{EAE08B8C-4267-4636-84F2-CBEDEB1B8F1E}.Release|Any CPU.Build.0 = Release|Any CPU
		{EAE08B8C-4267-4636-84F2-CBEDEB1B8F1E}.Release|Any CPU.Deploy.0 = Release|Any CPU
		{EAE08B8C-4267-4636-84F2-CBEDEB1B8F1E}.Release|ARM.ActiveCfg = Release|Any CPU
		{EAE08B8C-4267-4636-84F2-CBEDEB1B8F1E}.Release|ARM.Build.0 = Release|Any CPU
		{EAE08B8C-4267-4636-84F2-CBEDEB1B8F1E}.Release|ARM.Deploy.0 = Release|Any CPU
		{EAE08B8C-4267-4636-84F2-CBEDEB1B8F1E}.Release|iPhone.ActiveCfg = Release|Any CPU
		{EAE08B8C-4267-4636-84F2-CBEDEB1B8F1E}.Release|iPhone.Build.0 = Release|Any CPU
		{EAE08B8C-4267-4636-84F2-CBEDEB1B8F1E}.Release|iPhone.Deploy.0 = Release|Any CPU
		{EAE08B8C-4267-4636-84F2-CBEDEB1B8F1E}.Release|iPhoneSimulator.ActiveCfg = Release|Any CPU
		{EAE08B8C-4267-4636-84F2-CBEDEB1B8F1E}.Release|iPhoneSimulator.Build.0 = Release|Any CPU
		{EAE08B8C-4267-4636-84F2-CBEDEB1B8F1E}.Release|iPhoneSimulator.Deploy.0 = Release|Any CPU
		{EAE08B8C-4267-4636-84F2-CBEDEB1B8F1E}.Release|x64.ActiveCfg = Release|Any CPU
		{EAE08B8C-4267-4636-84F2-CBEDEB1B8F1E}.Release|x64.Build.0 = Release|Any CPU
		{EAE08B8C-4267-4636-84F2-CBEDEB1B8F1E}.Release|x64.Deploy.0 = Release|Any CPU
		{EAE08B8C-4267-4636-84F2-CBEDEB1B8F1E}.Release|x86.ActiveCfg = Release|Any CPU
		{EAE08B8C-4267-4636-84F2-CBEDEB1B8F1E}.Release|x86.Build.0 = Release|Any CPU
		{EAE08B8C-4267-4636-84F2-CBEDEB1B8F1E}.Release|x86.Deploy.0 = Release|Any CPU
		{9FCE38E1-A184-41B4-BE05-0E560BE828A1}.Ad-Hoc|Any CPU.ActiveCfg = Ad-Hoc|iPhone
		{9FCE38E1-A184-41B4-BE05-0E560BE828A1}.Ad-Hoc|ARM.ActiveCfg = Ad-Hoc|iPhone
		{9FCE38E1-A184-41B4-BE05-0E560BE828A1}.Ad-Hoc|iPhone.ActiveCfg = Ad-Hoc|iPhone
		{9FCE38E1-A184-41B4-BE05-0E560BE828A1}.Ad-Hoc|iPhone.Build.0 = Ad-Hoc|iPhone
		{9FCE38E1-A184-41B4-BE05-0E560BE828A1}.Ad-Hoc|iPhoneSimulator.ActiveCfg = Ad-Hoc|iPhoneSimulator
		{9FCE38E1-A184-41B4-BE05-0E560BE828A1}.Ad-Hoc|iPhoneSimulator.Build.0 = Ad-Hoc|iPhoneSimulator
		{9FCE38E1-A184-41B4-BE05-0E560BE828A1}.Ad-Hoc|x64.ActiveCfg = Ad-Hoc|iPhone
		{9FCE38E1-A184-41B4-BE05-0E560BE828A1}.Ad-Hoc|x86.ActiveCfg = Ad-Hoc|iPhone
		{9FCE38E1-A184-41B4-BE05-0E560BE828A1}.AppStore|Any CPU.ActiveCfg = AppStore|iPhone
		{9FCE38E1-A184-41B4-BE05-0E560BE828A1}.AppStore|ARM.ActiveCfg = AppStore|iPhone
		{9FCE38E1-A184-41B4-BE05-0E560BE828A1}.AppStore|iPhone.ActiveCfg = AppStore|iPhone
		{9FCE38E1-A184-41B4-BE05-0E560BE828A1}.AppStore|iPhone.Build.0 = AppStore|iPhone
		{9FCE38E1-A184-41B4-BE05-0E560BE828A1}.AppStore|iPhoneSimulator.ActiveCfg = AppStore|iPhoneSimulator
		{9FCE38E1-A184-41B4-BE05-0E560BE828A1}.AppStore|iPhoneSimulator.Build.0 = AppStore|iPhoneSimulator
		{9FCE38E1-A184-41B4-BE05-0E560BE828A1}.AppStore|x64.ActiveCfg = AppStore|iPhone
		{9FCE38E1-A184-41B4-BE05-0E560BE828A1}.AppStore|x86.ActiveCfg = AppStore|iPhone
		{9FCE38E1-A184-41B4-BE05-0E560BE828A1}.Debug|Any CPU.ActiveCfg = Debug|iPhone
		{9FCE38E1-A184-41B4-BE05-0E560BE828A1}.Debug|ARM.ActiveCfg = Debug|iPhone
		{9FCE38E1-A184-41B4-BE05-0E560BE828A1}.Debug|iPhone.ActiveCfg = Debug|iPhone
		{9FCE38E1-A184-41B4-BE05-0E560BE828A1}.Debug|iPhone.Build.0 = Debug|iPhone
		{9FCE38E1-A184-41B4-BE05-0E560BE828A1}.Debug|iPhoneSimulator.ActiveCfg = Debug|iPhoneSimulator
		{9FCE38E1-A184-41B4-BE05-0E560BE828A1}.Debug|iPhoneSimulator.Build.0 = Debug|iPhoneSimulator
		{9FCE38E1-A184-41B4-BE05-0E560BE828A1}.Debug|x64.ActiveCfg = Debug|iPhone
		{9FCE38E1-A184-41B4-BE05-0E560BE828A1}.Debug|x86.ActiveCfg = Debug|iPhone
		{9FCE38E1-A184-41B4-BE05-0E560BE828A1}.Release|Any CPU.ActiveCfg = Release|iPhone
		{9FCE38E1-A184-41B4-BE05-0E560BE828A1}.Release|ARM.ActiveCfg = Release|iPhone
		{9FCE38E1-A184-41B4-BE05-0E560BE828A1}.Release|iPhone.ActiveCfg = Release|iPhone
		{9FCE38E1-A184-41B4-BE05-0E560BE828A1}.Release|iPhone.Build.0 = Release|iPhone
		{9FCE38E1-A184-41B4-BE05-0E560BE828A1}.Release|iPhoneSimulator.ActiveCfg = Release|iPhoneSimulator
		{9FCE38E1-A184-41B4-BE05-0E560BE828A1}.Release|iPhoneSimulator.Build.0 = Release|iPhoneSimulator
		{9FCE38E1-A184-41B4-BE05-0E560BE828A1}.Release|x64.ActiveCfg = Release|iPhone
		{9FCE38E1-A184-41B4-BE05-0E560BE828A1}.Release|x86.ActiveCfg = Release|iPhone
		{336841AA-5563-4B1F-A5DF-1CC63674E027}.Ad-Hoc|Any CPU.ActiveCfg = Release|Any CPU
		{336841AA-5563-4B1F-A5DF-1CC63674E027}.Ad-Hoc|Any CPU.Build.0 = Release|Any CPU
		{336841AA-5563-4B1F-A5DF-1CC63674E027}.Ad-Hoc|ARM.ActiveCfg = Release|Any CPU
		{336841AA-5563-4B1F-A5DF-1CC63674E027}.Ad-Hoc|ARM.Build.0 = Release|Any CPU
		{336841AA-5563-4B1F-A5DF-1CC63674E027}.Ad-Hoc|iPhone.ActiveCfg = Release|Any CPU
		{336841AA-5563-4B1F-A5DF-1CC63674E027}.Ad-Hoc|iPhone.Build.0 = Release|Any CPU
		{336841AA-5563-4B1F-A5DF-1CC63674E027}.Ad-Hoc|iPhoneSimulator.ActiveCfg = Release|Any CPU
		{336841AA-5563-4B1F-A5DF-1CC63674E027}.Ad-Hoc|iPhoneSimulator.Build.0 = Release|Any CPU
		{336841AA-5563-4B1F-A5DF-1CC63674E027}.Ad-Hoc|x64.ActiveCfg = Release|Any CPU
		{336841AA-5563-4B1F-A5DF-1CC63674E027}.Ad-Hoc|x64.Build.0 = Release|Any CPU
		{336841AA-5563-4B1F-A5DF-1CC63674E027}.Ad-Hoc|x86.ActiveCfg = Release|Any CPU
		{336841AA-5563-4B1F-A5DF-1CC63674E027}.Ad-Hoc|x86.Build.0 = Release|Any CPU
		{336841AA-5563-4B1F-A5DF-1CC63674E027}.AppStore|Any CPU.ActiveCfg = Release|Any CPU
		{336841AA-5563-4B1F-A5DF-1CC63674E027}.AppStore|Any CPU.Build.0 = Release|Any CPU
		{336841AA-5563-4B1F-A5DF-1CC63674E027}.AppStore|ARM.ActiveCfg = Release|Any CPU
		{336841AA-5563-4B1F-A5DF-1CC63674E027}.AppStore|ARM.Build.0 = Release|Any CPU
		{336841AA-5563-4B1F-A5DF-1CC63674E027}.AppStore|iPhone.ActiveCfg = Release|Any CPU
		{336841AA-5563-4B1F-A5DF-1CC63674E027}.AppStore|iPhone.Build.0 = Release|Any CPU
		{336841AA-5563-4B1F-A5DF-1CC63674E027}.AppStore|iPhoneSimulator.ActiveCfg = Release|Any CPU
		{336841AA-5563-4B1F-A5DF-1CC63674E027}.AppStore|iPhoneSimulator.Build.0 = Release|Any CPU
		{336841AA-5563-4B1F-A5DF-1CC63674E027}.AppStore|x64.ActiveCfg = Release|Any CPU
		{336841AA-5563-4B1F-A5DF-1CC63674E027}.AppStore|x64.Build.0 = Release|Any CPU
		{336841AA-5563-4B1F-A5DF-1CC63674E027}.AppStore|x86.ActiveCfg = Release|Any CPU
		{336841AA-5563-4B1F-A5DF-1CC63674E027}.AppStore|x86.Build.0 = Release|Any CPU
		{336841AA-5563-4B1F-A5DF-1CC63674E027}.Debug|Any CPU.ActiveCfg = Debug|Any CPU
		{336841AA-5563-4B1F-A5DF-1CC63674E027}.Debug|Any CPU.Build.0 = Debug|Any CPU
		{336841AA-5563-4B1F-A5DF-1CC63674E027}.Debug|ARM.ActiveCfg = Debug|Any CPU
		{336841AA-5563-4B1F-A5DF-1CC63674E027}.Debug|ARM.Build.0 = Debug|Any CPU
		{336841AA-5563-4B1F-A5DF-1CC63674E027}.Debug|iPhone.ActiveCfg = Debug|Any CPU
		{336841AA-5563-4B1F-A5DF-1CC63674E027}.Debug|iPhone.Build.0 = Debug|Any CPU
		{336841AA-5563-4B1F-A5DF-1CC63674E027}.Debug|iPhoneSimulator.ActiveCfg = Debug|Any CPU
		{336841AA-5563-4B1F-A5DF-1CC63674E027}.Debug|iPhoneSimulator.Build.0 = Debug|Any CPU
		{336841AA-5563-4B1F-A5DF-1CC63674E027}.Debug|x64.ActiveCfg = Debug|Any CPU
		{336841AA-5563-4B1F-A5DF-1CC63674E027}.Debug|x64.Build.0 = Debug|Any CPU
		{336841AA-5563-4B1F-A5DF-1CC63674E027}.Debug|x86.ActiveCfg = Debug|Any CPU
		{336841AA-5563-4B1F-A5DF-1CC63674E027}.Debug|x86.Build.0 = Debug|Any CPU
		{336841AA-5563-4B1F-A5DF-1CC63674E027}.Release|Any CPU.ActiveCfg = Release|Any CPU
		{336841AA-5563-4B1F-A5DF-1CC63674E027}.Release|Any CPU.Build.0 = Release|Any CPU
		{336841AA-5563-4B1F-A5DF-1CC63674E027}.Release|ARM.ActiveCfg = Release|Any CPU
		{336841AA-5563-4B1F-A5DF-1CC63674E027}.Release|ARM.Build.0 = Release|Any CPU
		{336841AA-5563-4B1F-A5DF-1CC63674E027}.Release|iPhone.ActiveCfg = Release|Any CPU
		{336841AA-5563-4B1F-A5DF-1CC63674E027}.Release|iPhone.Build.0 = Release|Any CPU
		{336841AA-5563-4B1F-A5DF-1CC63674E027}.Release|iPhoneSimulator.ActiveCfg = Release|Any CPU
		{336841AA-5563-4B1F-A5DF-1CC63674E027}.Release|iPhoneSimulator.Build.0 = Release|Any CPU
		{336841AA-5563-4B1F-A5DF-1CC63674E027}.Release|x64.ActiveCfg = Release|Any CPU
		{336841AA-5563-4B1F-A5DF-1CC63674E027}.Release|x64.Build.0 = Release|Any CPU
		{336841AA-5563-4B1F-A5DF-1CC63674E027}.Release|x86.ActiveCfg = Release|Any CPU
		{336841AA-5563-4B1F-A5DF-1CC63674E027}.Release|x86.Build.0 = Release|Any CPU
	EndGlobalSection
	GlobalSection(SolutionProperties) = preSolution
		HideSolutionNode = FALSE
	EndGlobalSection
EndGlobal
